
Microsoft Visual Studio Solution File, Format Version 12.00
# Visual Studio Version 16
VisualStudioVersion = 16.0.31729.503
MinimumVisualStudioVersion = 10.0.40219.1
Project("{FAE04EC0-301F-11D3-BF4B-00C04F79EFBC}") = "Unions", "Unions\Unions.csproj", "{9A30B7CC-15AE-4C6A-B3D7-1856A4534574}"
EndProject
Global
	GlobalSection(SolutionConfigurationPlatforms) = preSolution
		Debug|Any CPU = Debug|Any CPU
		Release|Any CPU = Release|Any CPU
	EndGlobalSection
	GlobalSection(ProjectConfigurationPlatforms) = postSolution
		{9A30B7CC-15AE-4C6A-B3D7-1856A4534574}.Debug|Any CPU.ActiveCfg = Debug|Any CPU
		{9A30B7CC-15AE-4C6A-B3D7-1856A4534574}.Debug|Any CPU.Build.0 = Debug|Any CPU
		{9A30B7CC-15AE-4C6A-B3D7-1856A4534574}.Release|Any CPU.ActiveCfg = Release|Any CPU
		{9A30B7CC-15AE-4C6A-B3D7-1856A4534574}.Release|Any CPU.Build.0 = Release|Any CPU
	EndGlobalSection
	GlobalSection(SolutionProperties) = preSolution
		HideSolutionNode = FALSE
	EndGlobalSection
	GlobalSection(ExtensibilityGlobals) = postSolution
		SolutionGuid = {D6ABF563-61DB-42A6-B235-E6ED94ED206F}
	EndGlobalSection
EndGlobal
