
Microsoft Visual Studio Solution File, Format Version 12.00
# Visual Studio Version 16
VisualStudioVersion = 16.0.31911.196
MinimumVisualStudioVersion = 10.0.40219.1
Project("{FAE04EC0-301F-11D3-BF4B-00C04F79EFBC}") = "001_ViewIntro", "001_ViewIntro\001_ViewIntro.csproj", "{51BCDE80-6058-4355-92F9-B04023A0A2A4}"
EndProject
Global
	GlobalSection(SolutionConfigurationPlatforms) = preSolution
		Debug|Any CPU = Debug|Any CPU
		Release|Any CPU = Release|Any CPU
	EndGlobalSection
	GlobalSection(ProjectConfigurationPlatforms) = postSolution
		{51BCDE80-6058-4355-92F9-B04023A0A2A4}.Debug|Any CPU.ActiveCfg = Debug|Any CPU
		{51BCDE80-6058-4355-92F9-B04023A0A2A4}.Debug|Any CPU.Build.0 = Debug|Any CPU
		{51BCDE80-6058-4355-92F9-B04023A0A2A4}.Release|Any CPU.ActiveCfg = Release|Any CPU
		{51BCDE80-6058-4355-92F9-B04023A0A2A4}.Release|Any CPU.Build.0 = Release|Any CPU
	EndGlobalSection
	GlobalSection(SolutionProperties) = preSolution
		HideSolutionNode = FALSE
	EndGlobalSection
	GlobalSection(ExtensibilityGlobals) = postSolution
		SolutionGuid = {FE0330B2-569C-48B1-BE2E-04118F02D315}
	EndGlobalSection
EndGlobal
