
Microsoft Visual Studio Solution File, Format Version 12.00
# Visual Studio Version 17
VisualStudioVersion = 17.1.31911.260
MinimumVisualStudioVersion = 10.0.40219.1
Project("{FAE04EC0-301F-11D3-BF4B-00C04F79EFBC}") = "HomeWork", "HomeWork\HomeWork.csproj", "{07D58D2B-53FB-40B0-A5A1-242F2DA584E8}"
EndProject
Global
	GlobalSection(SolutionConfigurationPlatforms) = preSolution
		Debug|Any CPU = Debug|Any CPU
		Release|Any CPU = Release|Any CPU
	EndGlobalSection
	GlobalSection(ProjectConfigurationPlatforms) = postSolution
		{07D58D2B-53FB-40B0-A5A1-242F2DA584E8}.Debug|Any CPU.ActiveCfg = Debug|Any CPU
		{07D58D2B-53FB-40B0-A5A1-242F2DA584E8}.Debug|Any CPU.Build.0 = Debug|Any CPU
		{07D58D2B-53FB-40B0-A5A1-242F2DA584E8}.Release|Any CPU.ActiveCfg = Release|Any CPU
		{07D58D2B-53FB-40B0-A5A1-242F2DA584E8}.Release|Any CPU.Build.0 = Release|Any CPU
	EndGlobalSection
	GlobalSection(SolutionProperties) = preSolution
		HideSolutionNode = FALSE
	EndGlobalSection
	GlobalSection(ExtensibilityGlobals) = postSolution
		SolutionGuid = {ED1D0FE3-AA72-40EC-87B1-2B26DC476159}
	EndGlobalSection
EndGlobal
