
Microsoft Visual Studio Solution File, Format Version 12.00
# Visual Studio Version 16
VisualStudioVersion = 16.0.31729.503
MinimumVisualStudioVersion = 10.0.40219.1
Project("{FAE04EC0-301F-11D3-BF4B-00C04F79EFBC}") = "TSql", "TSql\TSql.csproj", "{CAC31E8C-2904-4CB8-B6E1-36CEAF293AFF}"
EndProject
Global
	GlobalSection(SolutionConfigurationPlatforms) = preSolution
		Debug|Any CPU = Debug|Any CPU
		Release|Any CPU = Release|Any CPU
	EndGlobalSection
	GlobalSection(ProjectConfigurationPlatforms) = postSolution
		{CAC31E8C-2904-4CB8-B6E1-36CEAF293AFF}.Debug|Any CPU.ActiveCfg = Debug|Any CPU
		{CAC31E8C-2904-4CB8-B6E1-36CEAF293AFF}.Debug|Any CPU.Build.0 = Debug|Any CPU
		{CAC31E8C-2904-4CB8-B6E1-36CEAF293AFF}.Release|Any CPU.ActiveCfg = Release|Any CPU
		{CAC31E8C-2904-4CB8-B6E1-36CEAF293AFF}.Release|Any CPU.Build.0 = Release|Any CPU
	EndGlobalSection
	GlobalSection(SolutionProperties) = preSolution
		HideSolutionNode = FALSE
	EndGlobalSection
	GlobalSection(ExtensibilityGlobals) = postSolution
		SolutionGuid = {39E8EA02-E53E-45CF-9D7A-916C8F4C2483}
	EndGlobalSection
EndGlobal
